
Microsoft Visual Studio Solution File, Format Version 12.00
# Visual Studio 2013
VisualStudioVersion = 12.0.31101.0
MinimumVisualStudioVersion = 10.0.40219.1
Project("{FAE04EC0-301F-11D3-BF4B-00C04F79EFBC}") = "SignalRDemo", "SignalRDemo\SignalRDemo.csproj", "{8A8C71D7-9BE4-4EA8-8F66-EAC977E73366}"
EndProject
Project("{FAE04EC0-301F-11D3-BF4B-00C04F79EFBC}") = "ConsoleClient", "ConsoleClient\ConsoleClient.csproj", "{84792CFF-FBD3-454C-8E87-DA167666278E}"
EndProject
Global
	GlobalSection(SolutionConfigurationPlatforms) = preSolution
		Debug|Any CPU = Debug|Any CPU
		Release|Any CPU = Release|Any CPU
	EndGlobalSection
	GlobalSection(ProjectConfigurationPlatforms) = postSolution
		{8A8C71D7-9BE4-4EA8-8F66-EAC977E73366}.Debug|Any CPU.ActiveCfg = Debug|Any CPU
		{8A8C71D7-9BE4-4EA8-8F66-EAC977E73366}.Debug|Any CPU.Build.0 = Debug|Any CPU
		{8A8C71D7-9BE4-4EA8-8F66-EAC977E73366}.Release|Any CPU.ActiveCfg = Release|Any CPU
		{8A8C71D7-9BE4-4EA8-8F66-EAC977E73366}.Release|Any CPU.Build.0 = Release|Any CPU
		{84792CFF-FBD3-454C-8E87-DA167666278E}.Debug|Any CPU.ActiveCfg = Debug|Any CPU
		{84792CFF-FBD3-454C-8E87-DA167666278E}.Debug|Any CPU.Build.0 = Debug|Any CPU
		{84792CFF-FBD3-454C-8E87-DA167666278E}.Release|Any CPU.ActiveCfg = Release|Any CPU
		{84792CFF-FBD3-454C-8E87-DA167666278E}.Release|Any CPU.Build.0 = Release|Any CPU
	EndGlobalSection
	GlobalSection(SolutionProperties) = preSolution
		HideSolutionNode = FALSE
	EndGlobalSection
EndGlobal
